
Microsoft Visual Studio Solution File, Format Version 12.00
# Visual Studio 2012
Project("{FAE04EC0-301F-11D3-BF4B-00C04F79EFBC}") = "40_Arreglos", "40_Arreglos\40_Arreglos.csproj", "{650FC38F-B6DC-442E-AFB4-6873E80EF0A7}"
EndProject
Project("{FAE04EC0-301F-11D3-BF4B-00C04F79EFBC}") = "41_Arreglos", "41_Arreglos\41_Arreglos.csproj", "{9C25B56D-42B7-48A4-B148-820CFBDEE46D}"
EndProject
Global
	GlobalSection(SolutionConfigurationPlatforms) = preSolution
		Debug|Any CPU = Debug|Any CPU
		Release|Any CPU = Release|Any CPU
	EndGlobalSection
	GlobalSection(ProjectConfigurationPlatforms) = postSolution
		{650FC38F-B6DC-442E-AFB4-6873E80EF0A7}.Debug|Any CPU.ActiveCfg = Debug|Any CPU
		{650FC38F-B6DC-442E-AFB4-6873E80EF0A7}.Debug|Any CPU.Build.0 = Debug|Any CPU
		{650FC38F-B6DC-442E-AFB4-6873E80EF0A7}.Release|Any CPU.ActiveCfg = Release|Any CPU
		{650FC38F-B6DC-442E-AFB4-6873E80EF0A7}.Release|Any CPU.Build.0 = Release|Any CPU
		{9C25B56D-42B7-48A4-B148-820CFBDEE46D}.Debug|Any CPU.ActiveCfg = Debug|Any CPU
		{9C25B56D-42B7-48A4-B148-820CFBDEE46D}.Debug|Any CPU.Build.0 = Debug|Any CPU
		{9C25B56D-42B7-48A4-B148-820CFBDEE46D}.Release|Any CPU.ActiveCfg = Release|Any CPU
		{9C25B56D-42B7-48A4-B148-820CFBDEE46D}.Release|Any CPU.Build.0 = Release|Any CPU
	EndGlobalSection
EndGlobal
